
Microsoft Visual Studio Solution File, Format Version 12.00
# Visual Studio Version 17
VisualStudioVersion = 17.3.32929.385
MinimumVisualStudioVersion = 10.0.40219.1
Project("{9A19103F-16F7-4668-BE54-9A1E7A4F7556}") = "03.Computer Architecture", "03.Computer Architecture\03.Computer Architecture.csproj", "{EFBFB33C-55D8-4CEE-BC7E-504184FD4DC0}"
EndProject
Project("{9A19103F-16F7-4668-BE54-9A1E7A4F7556}") = "01. Energy Drinks", "01. Energy Drinks\01. Energy Drinks.csproj", "{BABBF70B-8FD9-4D0E-AADB-9BECD85A2429}"
EndProject
Global
	GlobalSection(SolutionConfigurationPlatforms) = preSolution
		Debug|Any CPU = Debug|Any CPU
		Release|Any CPU = Release|Any CPU
	EndGlobalSection
	GlobalSection(ProjectConfigurationPlatforms) = postSolution
		{EFBFB33C-55D8-4CEE-BC7E-504184FD4DC0}.Debug|Any CPU.ActiveCfg = Debug|Any CPU
		{EFBFB33C-55D8-4CEE-BC7E-504184FD4DC0}.Debug|Any CPU.Build.0 = Debug|Any CPU
		{EFBFB33C-55D8-4CEE-BC7E-504184FD4DC0}.Release|Any CPU.ActiveCfg = Release|Any CPU
		{EFBFB33C-55D8-4CEE-BC7E-504184FD4DC0}.Release|Any CPU.Build.0 = Release|Any CPU
		{BABBF70B-8FD9-4D0E-AADB-9BECD85A2429}.Debug|Any CPU.ActiveCfg = Debug|Any CPU
		{BABBF70B-8FD9-4D0E-AADB-9BECD85A2429}.Debug|Any CPU.Build.0 = Debug|Any CPU
		{BABBF70B-8FD9-4D0E-AADB-9BECD85A2429}.Release|Any CPU.ActiveCfg = Release|Any CPU
		{BABBF70B-8FD9-4D0E-AADB-9BECD85A2429}.Release|Any CPU.Build.0 = Release|Any CPU
	EndGlobalSection
	GlobalSection(SolutionProperties) = preSolution
		HideSolutionNode = FALSE
	EndGlobalSection
	GlobalSection(ExtensibilityGlobals) = postSolution
		SolutionGuid = {8C890FFA-0784-44E4-89B6-50FB938BD839}
	EndGlobalSection
EndGlobal
